
Microsoft Visual Studio Solution File, Format Version 12.00
# Visual Studio 2017
Project("{FAE04EC0-301F-11D3-BF4B-00C04F79EFBC}") = "DogAndJog", "DogAndJog.csproj", "{5B168DC0-9323-CA4B-4E69-F6AC05AD2D67}"
EndProject
Project("{FAE04EC0-301F-11D3-BF4B-00C04F79EFBC}") = "DogAndJog.Editor", "DogAndJog.Editor.csproj", "{9BF07FE3-33A0-EDF5-96EF-2C7251525211}"
EndProject
Global
	GlobalSection(SolutionConfigurationPlatforms) = preSolution
		Debug|Any CPU = Debug|Any CPU
		Release|Any CPU = Release|Any CPU
	EndGlobalSection
	GlobalSection(ProjectConfigurationPlatforms) = postSolution
		{5B168DC0-9323-CA4B-4E69-F6AC05AD2D67}.Debug|Any CPU.ActiveCfg = Debug|Any CPU
		{5B168DC0-9323-CA4B-4E69-F6AC05AD2D67}.Debug|Any CPU.Build.0 = Debug|Any CPU
		{5B168DC0-9323-CA4B-4E69-F6AC05AD2D67}.Release|Any CPU.ActiveCfg = Release|Any CPU
		{5B168DC0-9323-CA4B-4E69-F6AC05AD2D67}.Release|Any CPU.Build.0 = Release|Any CPU
		{9BF07FE3-33A0-EDF5-96EF-2C7251525211}.Debug|Any CPU.ActiveCfg = Debug|Any CPU
		{9BF07FE3-33A0-EDF5-96EF-2C7251525211}.Debug|Any CPU.Build.0 = Debug|Any CPU
		{9BF07FE3-33A0-EDF5-96EF-2C7251525211}.Release|Any CPU.ActiveCfg = Release|Any CPU
		{9BF07FE3-33A0-EDF5-96EF-2C7251525211}.Release|Any CPU.Build.0 = Release|Any CPU
	EndGlobalSection
	GlobalSection(SolutionProperties) = preSolution
		HideSolutionNode = FALSE
	EndGlobalSection
EndGlobal
